
Microsoft Visual Studio Solution File, Format Version 12.00
# Visual Studio Version 17
VisualStudioVersion = 17.3.32929.385
MinimumVisualStudioVersion = 10.0.40219.1
Project("{9A19103F-16F7-4668-BE54-9A1E7A4F7556}") = "RGB Separation", "ColorModels\RGB Separation.csproj", "{6CEE6BD6-B25A-4C43-95D5-2A3C34133CC3}"
EndProject
Global
	GlobalSection(SolutionConfigurationPlatforms) = preSolution
		Debug|Any CPU = Debug|Any CPU
		Release|Any CPU = Release|Any CPU
	EndGlobalSection
	GlobalSection(ProjectConfigurationPlatforms) = postSolution
		{6CEE6BD6-B25A-4C43-95D5-2A3C34133CC3}.Debug|Any CPU.ActiveCfg = Debug|Any CPU
		{6CEE6BD6-B25A-4C43-95D5-2A3C34133CC3}.Debug|Any CPU.Build.0 = Debug|Any CPU
		{6CEE6BD6-B25A-4C43-95D5-2A3C34133CC3}.Release|Any CPU.ActiveCfg = Release|Any CPU
		{6CEE6BD6-B25A-4C43-95D5-2A3C34133CC3}.Release|Any CPU.Build.0 = Release|Any CPU
	EndGlobalSection
	GlobalSection(SolutionProperties) = preSolution
		HideSolutionNode = FALSE
	EndGlobalSection
	GlobalSection(ExtensibilityGlobals) = postSolution
		SolutionGuid = {CCC0EB74-B5C0-4774-96EA-A51D776AEA20}
	EndGlobalSection
EndGlobal
